
Microsoft Visual Studio Solution File, Format Version 12.00
# Visual Studio 15
VisualStudioVersion = 15.0.26124.0
MinimumVisualStudioVersion = 15.0.26124.0
Project("{2150E333-8FDC-42A3-9474-1A3956D46DE8}") = "src", "src", "{58F8ABC1-FC29-41C3-8C95-0B474D09B84A}"
EndProject
Project("{FAE04EC0-301F-11D3-BF4B-00C04F79EFBC}") = "ExtensibleCardGame", "src\ExtensibleCardGame\ExtensibleCardGame.csproj", "{EAA8EADD-87AF-4CD1-A778-3E72FBAE8B39}"
EndProject
Project("{2150E333-8FDC-42A3-9474-1A3956D46DE8}") = "test", "test", "{6F760143-A0DE-4219-99EC-CA16DC1B6B09}"
EndProject
Project("{FAE04EC0-301F-11D3-BF4B-00C04F79EFBC}") = "ExtensibleCardGameTests", "test\ExtensibleCardGameTests\ExtensibleCardGameTests.csproj", "{2E97E025-AB95-46DA-A0D3-3715405C349B}"
EndProject
Global
	GlobalSection(SolutionConfigurationPlatforms) = preSolution
		Debug|Any CPU = Debug|Any CPU
		Debug|x64 = Debug|x64
		Debug|x86 = Debug|x86
		Release|Any CPU = Release|Any CPU
		Release|x64 = Release|x64
		Release|x86 = Release|x86
	EndGlobalSection
	GlobalSection(SolutionProperties) = preSolution
		HideSolutionNode = FALSE
	EndGlobalSection
	GlobalSection(ProjectConfigurationPlatforms) = postSolution
		{EAA8EADD-87AF-4CD1-A778-3E72FBAE8B39}.Debug|Any CPU.ActiveCfg = Debug|Any CPU
		{EAA8EADD-87AF-4CD1-A778-3E72FBAE8B39}.Debug|Any CPU.Build.0 = Debug|Any CPU
		{EAA8EADD-87AF-4CD1-A778-3E72FBAE8B39}.Debug|x64.ActiveCfg = Debug|Any CPU
		{EAA8EADD-87AF-4CD1-A778-3E72FBAE8B39}.Debug|x64.Build.0 = Debug|Any CPU
		{EAA8EADD-87AF-4CD1-A778-3E72FBAE8B39}.Debug|x86.ActiveCfg = Debug|Any CPU
		{EAA8EADD-87AF-4CD1-A778-3E72FBAE8B39}.Debug|x86.Build.0 = Debug|Any CPU
		{EAA8EADD-87AF-4CD1-A778-3E72FBAE8B39}.Release|Any CPU.ActiveCfg = Release|Any CPU
		{EAA8EADD-87AF-4CD1-A778-3E72FBAE8B39}.Release|Any CPU.Build.0 = Release|Any CPU
		{EAA8EADD-87AF-4CD1-A778-3E72FBAE8B39}.Release|x64.ActiveCfg = Release|Any CPU
		{EAA8EADD-87AF-4CD1-A778-3E72FBAE8B39}.Release|x64.Build.0 = Release|Any CPU
		{EAA8EADD-87AF-4CD1-A778-3E72FBAE8B39}.Release|x86.ActiveCfg = Release|Any CPU
		{EAA8EADD-87AF-4CD1-A778-3E72FBAE8B39}.Release|x86.Build.0 = Release|Any CPU
		{2E97E025-AB95-46DA-A0D3-3715405C349B}.Debug|Any CPU.ActiveCfg = Debug|Any CPU
		{2E97E025-AB95-46DA-A0D3-3715405C349B}.Debug|Any CPU.Build.0 = Debug|Any CPU
		{2E97E025-AB95-46DA-A0D3-3715405C349B}.Debug|x64.ActiveCfg = Debug|Any CPU
		{2E97E025-AB95-46DA-A0D3-3715405C349B}.Debug|x64.Build.0 = Debug|Any CPU
		{2E97E025-AB95-46DA-A0D3-3715405C349B}.Debug|x86.ActiveCfg = Debug|Any CPU
		{2E97E025-AB95-46DA-A0D3-3715405C349B}.Debug|x86.Build.0 = Debug|Any CPU
		{2E97E025-AB95-46DA-A0D3-3715405C349B}.Release|Any CPU.ActiveCfg = Release|Any CPU
		{2E97E025-AB95-46DA-A0D3-3715405C349B}.Release|Any CPU.Build.0 = Release|Any CPU
		{2E97E025-AB95-46DA-A0D3-3715405C349B}.Release|x64.ActiveCfg = Release|Any CPU
		{2E97E025-AB95-46DA-A0D3-3715405C349B}.Release|x64.Build.0 = Release|Any CPU
		{2E97E025-AB95-46DA-A0D3-3715405C349B}.Release|x86.ActiveCfg = Release|Any CPU
		{2E97E025-AB95-46DA-A0D3-3715405C349B}.Release|x86.Build.0 = Release|Any CPU
	EndGlobalSection
	GlobalSection(NestedProjects) = preSolution
		{EAA8EADD-87AF-4CD1-A778-3E72FBAE8B39} = {58F8ABC1-FC29-41C3-8C95-0B474D09B84A}
		{2E97E025-AB95-46DA-A0D3-3715405C349B} = {6F760143-A0DE-4219-99EC-CA16DC1B6B09}
	EndGlobalSection
EndGlobal
